// !$*UTF8*$!
{
	archiveVersion = 1;
	classes = {
	};
	objectVersion = 56;
	objects = {

/* Begin PBXBuildFile section */
		442B00632A333E7E001D9F08 /* QuintoShopManagerApp.swift in Sources */ = {isa = PBXBuildFile; fileRef = 442B00622A333E7E001D9F08 /* QuintoShopManagerApp.swift */; };
		442B00652A333E7E001D9F08 /* ProductList.swift in Sources */ = {isa = PBXBuildFile; fileRef = 442B00642A333E7E001D9F08 /* ProductList.swift */; };
		442B00672A333E7E001D9F08 /* Assets.xcassets in Resources */ = {isa = PBXBuildFile; fileRef = 442B00662A333E7E001D9F08 /* Assets.xcassets */; };
		442B006A2A333E7E001D9F08 /* Preview Assets.xcassets in Resources */ = {isa = PBXBuildFile; fileRef = 442B00692A333E7E001D9F08 /* Preview Assets.xcassets */; };
		442B00722A3340B5001D9F08 /* FirebaseAuth in Frameworks */ = {isa = PBXBuildFile; productRef = 442B00712A3340B5001D9F08 /* FirebaseAuth */; };
		442B00742A3340B5001D9F08 /* FirebaseFirestore in Frameworks */ = {isa = PBXBuildFile; productRef = 442B00732A3340B5001D9F08 /* FirebaseFirestore */; };
		442B00762A3340B5001D9F08 /* FirebaseStorage in Frameworks */ = {isa = PBXBuildFile; productRef = 442B00752A3340B5001D9F08 /* FirebaseStorage */; };
		442B007D2A33423F001D9F08 /* TabBarView.swift in Sources */ = {isa = PBXBuildFile; fileRef = 442B007C2A33423F001D9F08 /* TabBarView.swift */; };
		442B007F2A334387001D9F08 /* OrderList.swift in Sources */ = {isa = PBXBuildFile; fileRef = 442B007E2A334387001D9F08 /* OrderList.swift */; };
		442B00812A3343CF001D9F08 /* AddNewProduct.swift in Sources */ = {isa = PBXBuildFile; fileRef = 442B00802A3343CF001D9F08 /* AddNewProduct.swift */; };
		442B00832A3344BA001D9F08 /* FirestoreService.swift in Sources */ = {isa = PBXBuildFile; fileRef = 442B00822A3344BA001D9F08 /* FirestoreService.swift */; };
		442B00862A334501001D9F08 /* ProductModel.swift in Sources */ = {isa = PBXBuildFile; fileRef = 442B00852A334501001D9F08 /* ProductModel.swift */; };
		442B00892A334523001D9F08 /* TypeOfModel.swift in Sources */ = {isa = PBXBuildFile; fileRef = 442B00882A334523001D9F08 /* TypeOfModel.swift */; };
		442B008B2A334560001D9F08 /* ShopingCartModel.swift in Sources */ = {isa = PBXBuildFile; fileRef = 442B008A2A334560001D9F08 /* ShopingCartModel.swift */; };
		442B008D2A3345E5001D9F08 /* OrderListModel.swift in Sources */ = {isa = PBXBuildFile; fileRef = 442B008C2A3345E5001D9F08 /* OrderListModel.swift */; };
		442B008F2A3346E2001D9F08 /* ProductViewModel.swift in Sources */ = {isa = PBXBuildFile; fileRef = 442B008E2A3346E2001D9F08 /* ProductViewModel.swift */; };
		444760CD2A335FAC00908903 /* AuthView.swift in Sources */ = {isa = PBXBuildFile; fileRef = 444760CC2A335FAC00908903 /* AuthView.swift */; };
		444760CF2A335FCE00908903 /* AuthService.swift in Sources */ = {isa = PBXBuildFile; fileRef = 444760CE2A335FCE00908903 /* AuthService.swift */; };
		444760D12A3362FC00908903 /* AuthViewModel.swift in Sources */ = {isa = PBXBuildFile; fileRef = 444760D02A3362FB00908903 /* AuthViewModel.swift */; };
		444760D32A336EC100908903 /* ScreenChanger.swift in Sources */ = {isa = PBXBuildFile; fileRef = 444760D22A336EC100908903 /* ScreenChanger.swift */; };
		444760D72A34549600908903 /* GoogleService-Info.plist in Resources */ = {isa = PBXBuildFile; fileRef = 444760D62A34549600908903 /* GoogleService-Info.plist */; };
		444760D92A3459FE00908903 /* StorageManager.swift in Sources */ = {isa = PBXBuildFile; fileRef = 444760D82A3459FE00908903 /* StorageManager.swift */; };
		444760DB2A3471B100908903 /* AddNewProductViewModel.swift in Sources */ = {isa = PBXBuildFile; fileRef = 444760DA2A3471B100908903 /* AddNewProductViewModel.swift */; };
		445F55482A347D83004C5831 /* TextFieldMod.swift in Sources */ = {isa = PBXBuildFile; fileRef = 445F55472A347D83004C5831 /* TextFieldMod.swift */; };
		445F554B2A34A06C004C5831 /* PhotoModel.swift in Sources */ = {isa = PBXBuildFile; fileRef = 445F554A2A34A06C004C5831 /* PhotoModel.swift */; };
/* End PBXBuildFile section */

/* Begin PBXFileReference section */
		442B005F2A333E7E001D9F08 /* QuintoShopManager.app */ = {isa = PBXFileReference; explicitFileType = wrapper.application; includeInIndex = 0; path = QuintoShopManager.app; sourceTree = BUILT_PRODUCTS_DIR; };
		442B00622A333E7E001D9F08 /* QuintoShopManagerApp.swift */ = {isa = PBXFileReference; lastKnownFileType = sourcecode.swift; path = QuintoShopManagerApp.swift; sourceTree = "<group>"; };
		442B00642A333E7E001D9F08 /* ProductList.swift */ = {isa = PBXFileReference; lastKnownFileType = sourcecode.swift; path = ProductList.swift; sourceTree = "<group>"; };
		442B00662A333E7E001D9F08 /* Assets.xcassets */ = {isa = PBXFileReference; lastKnownFileType = folder.assetcatalog; path = Assets.xcassets; sourceTree = "<group>"; };
		442B00692A333E7E001D9F08 /* Preview Assets.xcassets */ = {isa = PBXFileReference; lastKnownFileType = folder.assetcatalog; path = "Preview Assets.xcassets"; sourceTree = "<group>"; };
		442B007C2A33423F001D9F08 /* TabBarView.swift */ = {isa = PBXFileReference; lastKnownFileType = sourcecode.swift; path = TabBarView.swift; sourceTree = "<group>"; };
		442B007E2A334387001D9F08 /* OrderList.swift */ = {isa = PBXFileReference; lastKnownFileType = sourcecode.swift; path = OrderList.swift; sourceTree = "<group>"; };
		442B00802A3343CF001D9F08 /* AddNewProduct.swift */ = {isa = PBXFileReference; lastKnownFileType = sourcecode.swift; path = AddNewProduct.swift; sourceTree = "<group>"; };
		442B00822A3344BA001D9F08 /* FirestoreService.swift */ = {isa = PBXFileReference; lastKnownFileType = sourcecode.swift; path = FirestoreService.swift; sourceTree = "<group>"; };
		442B00852A334501001D9F08 /* ProductModel.swift */ = {isa = PBXFileReference; lastKnownFileType = sourcecode.swift; path = ProductModel.swift; sourceTree = "<group>"; };
		442B00882A334523001D9F08 /* TypeOfModel.swift */ = {isa = PBXFileReference; lastKnownFileType = sourcecode.swift; path = TypeOfModel.swift; sourceTree = "<group>"; };
		442B008A2A334560001D9F08 /* ShopingCartModel.swift */ = {isa = PBXFileReference; lastKnownFileType = sourcecode.swift; path = ShopingCartModel.swift; sourceTree = "<group>"; };
		442B008C2A3345E5001D9F08 /* OrderListModel.swift */ = {isa = PBXFileReference; lastKnownFileType = sourcecode.swift; path = OrderListModel.swift; sourceTree = "<group>"; };
		442B008E2A3346E2001D9F08 /* ProductViewModel.swift */ = {isa = PBXFileReference; lastKnownFileType = sourcecode.swift; path = ProductViewModel.swift; sourceTree = "<group>"; };
		444760CC2A335FAC00908903 /* AuthView.swift */ = {isa = PBXFileReference; lastKnownFileType = sourcecode.swift; path = AuthView.swift; sourceTree = "<group>"; };
		444760CE2A335FCE00908903 /* AuthService.swift */ = {isa = PBXFileReference; lastKnownFileType = sourcecode.swift; path = AuthService.swift; sourceTree = "<group>"; };
		444760D02A3362FB00908903 /* AuthViewModel.swift */ = {isa = PBXFileReference; lastKnownFileType = sourcecode.swift; path = AuthViewModel.swift; sourceTree = "<group>"; };
		444760D22A336EC100908903 /* ScreenChanger.swift */ = {isa = PBXFileReference; lastKnownFileType = sourcecode.swift; path = ScreenChanger.swift; sourceTree = "<group>"; };
		444760D62A34549600908903 /* GoogleService-Info.plist */ = {isa = PBXFileReference; fileEncoding = 4; lastKnownFileType = text.plist.xml; path = "GoogleService-Info.plist"; sourceTree = "<group>"; };
		444760D82A3459FE00908903 /* StorageManager.swift */ = {isa = PBXFileReference; lastKnownFileType = sourcecode.swift; path = StorageManager.swift; sourceTree = "<group>"; };
		444760DA2A3471B100908903 /* AddNewProductViewModel.swift */ = {isa = PBXFileReference; lastKnownFileType = sourcecode.swift; path = AddNewProductViewModel.swift; sourceTree = "<group>"; };
		445F55472A347D83004C5831 /* TextFieldMod.swift */ = {isa = PBXFileReference; lastKnownFileType = sourcecode.swift; path = TextFieldMod.swift; sourceTree = "<group>"; };
		445F554A2A34A06C004C5831 /* PhotoModel.swift */ = {isa = PBXFileReference; lastKnownFileType = sourcecode.swift; path = PhotoModel.swift; sourceTree = "<group>"; };
/* End PBXFileReference section */

/* Begin PBXFrameworksBuildPhase section */
		442B005C2A333E7E001D9F08 /* Frameworks */ = {
			isa = PBXFrameworksBuildPhase;
			buildActionMask = 2147483647;
			files = (
				442B00722A3340B5001D9F08 /* FirebaseAuth in Frameworks */,
				442B00742A3340B5001D9F08 /* FirebaseFirestore in Frameworks */,
				442B00762A3340B5001D9F08 /* FirebaseStorage in Frameworks */,
			);
			runOnlyForDeploymentPostprocessing = 0;
		};
/* End PBXFrameworksBuildPhase section */

/* Begin PBXGroup section */
		442B00562A333E7E001D9F08 = {
			isa = PBXGroup;
			children = (
				442B00612A333E7E001D9F08 /* QuintoShopManager */,
				442B00602A333E7E001D9F08 /* Products */,
			);
			sourceTree = "<group>";
		};
		442B00602A333E7E001D9F08 /* Products */ = {
			isa = PBXGroup;
			children = (
				442B005F2A333E7E001D9F08 /* QuintoShopManager.app */,
			);
			name = Products;
			sourceTree = "<group>";
		};
		442B00612A333E7E001D9F08 /* QuintoShopManager */ = {
			isa = PBXGroup;
			children = (
				444760D62A34549600908903 /* GoogleService-Info.plist */,
				442B00622A333E7E001D9F08 /* QuintoShopManagerApp.swift */,
				442B007B2A33422F001D9F08 /* Views */,
				442B00662A333E7E001D9F08 /* Assets.xcassets */,
				442B00682A333E7E001D9F08 /* Preview Content */,
				442B00842A3344BE001D9F08 /* Service */,
				442B00872A334511001D9F08 /* Models */,
				442B00902A3346EB001D9F08 /* ViewModel */,
			);
			path = QuintoShopManager;
			sourceTree = "<group>";
		};
		442B00682A333E7E001D9F08 /* Preview Content */ = {
			isa = PBXGroup;
			children = (
				442B00692A333E7E001D9F08 /* Preview Assets.xcassets */,
			);
			path = "Preview Content";
			sourceTree = "<group>";
		};
		442B007B2A33422F001D9F08 /* Views */ = {
			isa = PBXGroup;
			children = (
				444760D22A336EC100908903 /* ScreenChanger.swift */,
				442B00642A333E7E001D9F08 /* ProductList.swift */,
				442B007C2A33423F001D9F08 /* TabBarView.swift */,
				442B007E2A334387001D9F08 /* OrderList.swift */,
				442B00802A3343CF001D9F08 /* AddNewProduct.swift */,
				444760CC2A335FAC00908903 /* AuthView.swift */,
				445F55492A347D86004C5831 /* Modifier */,
			);
			path = Views;
			sourceTree = "<group>";
		};
		442B00842A3344BE001D9F08 /* Service */ = {
			isa = PBXGroup;
			children = (
				442B00822A3344BA001D9F08 /* FirestoreService.swift */,
				444760CE2A335FCE00908903 /* AuthService.swift */,
				444760D82A3459FE00908903 /* StorageManager.swift */,
			);
			path = Service;
			sourceTree = "<group>";
		};
		442B00872A334511001D9F08 /* Models */ = {
			isa = PBXGroup;
			children = (
				442B008C2A3345E5001D9F08 /* OrderListModel.swift */,
				442B00852A334501001D9F08 /* ProductModel.swift */,
				442B00882A334523001D9F08 /* TypeOfModel.swift */,
				442B008A2A334560001D9F08 /* ShopingCartModel.swift */,
				445F554A2A34A06C004C5831 /* PhotoModel.swift */,
			);
			path = Models;
			sourceTree = "<group>";
		};
		442B00902A3346EB001D9F08 /* ViewModel */ = {
			isa = PBXGroup;
			children = (
				442B008E2A3346E2001D9F08 /* ProductViewModel.swift */,
				444760D02A3362FB00908903 /* AuthViewModel.swift */,
				444760DA2A3471B100908903 /* AddNewProductViewModel.swift */,
			);
			path = ViewModel;
			sourceTree = "<group>";
		};
		445F55492A347D86004C5831 /* Modifier */ = {
			isa = PBXGroup;
			children = (
				445F55472A347D83004C5831 /* TextFieldMod.swift */,
			);
			path = Modifier;
			sourceTree = "<group>";
		};
/* End PBXGroup section */

/* Begin PBXNativeTarget section */
		442B005E2A333E7E001D9F08 /* QuintoShopManager */ = {
			isa = PBXNativeTarget;
			buildConfigurationList = 442B006D2A333E7E001D9F08 /* Build configuration list for PBXNativeTarget "QuintoShopManager" */;
			buildPhases = (
				442B005B2A333E7E001D9F08 /* Sources */,
				442B005C2A333E7E001D9F08 /* Frameworks */,
				442B005D2A333E7E001D9F08 /* Resources */,
			);
			buildRules = (
			);
			dependencies = (
			);
			name = QuintoShopManager;
			packageProductDependencies = (
				442B00712A3340B5001D9F08 /* FirebaseAuth */,
				442B00732A3340B5001D9F08 /* FirebaseFirestore */,
				442B00752A3340B5001D9F08 /* FirebaseStorage */,
			);
			productName = QuintoShopManager;
			productReference = 442B005F2A333E7E001D9F08 /* QuintoShopManager.app */;
			productType = "com.apple.product-type.application";
		};
/* End PBXNativeTarget section */

/* Begin PBXProject section */
		442B00572A333E7E001D9F08 /* Project object */ = {
			isa = PBXProject;
			attributes = {
				BuildIndependentTargetsInParallel = 1;
				LastSwiftUpdateCheck = 1410;
				LastUpgradeCheck = 1410;
				TargetAttributes = {
					442B005E2A333E7E001D9F08 = {
						CreatedOnToolsVersion = 14.1;
					};
				};
			};
			buildConfigurationList = 442B005A2A333E7E001D9F08 /* Build configuration list for PBXProject "QuintoShopManager" */;
			compatibilityVersion = "Xcode 14.0";
			developmentRegion = en;
			hasScannedForEncodings = 0;
			knownRegions = (
				en,
				Base,
			);
			mainGroup = 442B00562A333E7E001D9F08;
			packageReferences = (
				442B00702A3340B5001D9F08 /* XCRemoteSwiftPackageReference "firebase-ios-sdk" */,
			);
			productRefGroup = 442B00602A333E7E001D9F08 /* Products */;
			projectDirPath = "";
			projectRoot = "";
			targets = (
				442B005E2A333E7E001D9F08 /* QuintoShopManager */,
			);
		};
/* End PBXProject section */

/* Begin PBXResourcesBuildPhase section */
		442B005D2A333E7E001D9F08 /* Resources */ = {
			isa = PBXResourcesBuildPhase;
			buildActionMask = 2147483647;
			files = (
				442B006A2A333E7E001D9F08 /* Preview Assets.xcassets in Resources */,
				444760D72A34549600908903 /* GoogleService-Info.plist in Resources */,
				442B00672A333E7E001D9F08 /* Assets.xcassets in Resources */,
			);
			runOnlyForDeploymentPostprocessing = 0;
		};
/* End PBXResourcesBuildPhase section */

/* Begin PBXSourcesBuildPhase section */
		442B005B2A333E7E001D9F08 /* Sources */ = {
			isa = PBXSourcesBuildPhase;
			buildActionMask = 2147483647;
			files = (
				442B00652A333E7E001D9F08 /* ProductList.swift in Sources */,
				442B00832A3344BA001D9F08 /* FirestoreService.swift in Sources */,
				444760CD2A335FAC00908903 /* AuthView.swift in Sources */,
				442B008D2A3345E5001D9F08 /* OrderListModel.swift in Sources */,
				442B007D2A33423F001D9F08 /* TabBarView.swift in Sources */,
				445F554B2A34A06C004C5831 /* PhotoModel.swift in Sources */,
				444760DB2A3471B100908903 /* AddNewProductViewModel.swift in Sources */,
				442B007F2A334387001D9F08 /* OrderList.swift in Sources */,
				444760CF2A335FCE00908903 /* AuthService.swift in Sources */,
				442B00892A334523001D9F08 /* TypeOfModel.swift in Sources */,
				442B008F2A3346E2001D9F08 /* ProductViewModel.swift in Sources */,
				442B00632A333E7E001D9F08 /* QuintoShopManagerApp.swift in Sources */,
				444760D12A3362FC00908903 /* AuthViewModel.swift in Sources */,
				445F55482A347D83004C5831 /* TextFieldMod.swift in Sources */,
				442B008B2A334560001D9F08 /* ShopingCartModel.swift in Sources */,
				444760D32A336EC100908903 /* ScreenChanger.swift in Sources */,
				442B00862A334501001D9F08 /* ProductModel.swift in Sources */,
				442B00812A3343CF001D9F08 /* AddNewProduct.swift in Sources */,
				444760D92A3459FE00908903 /* StorageManager.swift in Sources */,
			);
			runOnlyForDeploymentPostprocessing = 0;
		};
/* End PBXSourcesBuildPhase section */

/* Begin XCBuildConfiguration section */
		442B006B2A333E7E001D9F08 /* Debug */ = {
			isa = XCBuildConfiguration;
			buildSettings = {
				ALWAYS_SEARCH_USER_PATHS = NO;
				CLANG_ANALYZER_NONNULL = YES;
				CLANG_ANALYZER_NUMBER_OBJECT_CONVERSION = YES_AGGRESSIVE;
				CLANG_CXX_LANGUAGE_STANDARD = "gnu++20";
				CLANG_ENABLE_MODULES = YES;
				CLANG_ENABLE_OBJC_ARC = YES;
				CLANG_ENABLE_OBJC_WEAK = YES;
				CLANG_WARN_BLOCK_CAPTURE_AUTORELEASING = YES;
				CLANG_WARN_BOOL_CONVERSION = YES;
				CLANG_WARN_COMMA = YES;
				CLANG_WARN_CONSTANT_CONVERSION = YES;
				CLANG_WARN_DEPRECATED_OBJC_IMPLEMENTATIONS = YES;
				CLANG_WARN_DIRECT_OBJC_ISA_USAGE = YES_ERROR;
				CLANG_WARN_DOCUMENTATION_COMMENTS = YES;
				CLANG_WARN_EMPTY_BODY = YES;
				CLANG_WARN_ENUM_CONVERSION = YES;
				CLANG_WARN_INFINITE_RECURSION = YES;
				CLANG_WARN_INT_CONVERSION = YES;
				CLANG_WARN_NON_LITERAL_NULL_CONVERSION = YES;
				CLANG_WARN_OBJC_IMPLICIT_RETAIN_SELF = YES;
				CLANG_WARN_OBJC_LITERAL_CONVERSION = YES;
				CLANG_WARN_OBJC_ROOT_CLASS = YES_ERROR;
				CLANG_WARN_QUOTED_INCLUDE_IN_FRAMEWORK_HEADER = YES;
				CLANG_WARN_RANGE_LOOP_ANALYSIS = YES;
				CLANG_WARN_STRICT_PROTOTYPES = YES;
				CLANG_WARN_SUSPICIOUS_MOVE = YES;
				CLANG_WARN_UNGUARDED_AVAILABILITY = YES_AGGRESSIVE;
				CLANG_WARN_UNREACHABLE_CODE = YES;
				CLANG_WARN__DUPLICATE_METHOD_MATCH = YES;
				COPY_PHASE_STRIP = NO;
				DEBUG_INFORMATION_FORMAT = dwarf;
				ENABLE_STRICT_OBJC_MSGSEND = YES;
				ENABLE_TESTABILITY = YES;
				GCC_C_LANGUAGE_STANDARD = gnu11;
				GCC_DYNAMIC_NO_PIC = NO;
				GCC_NO_COMMON_BLOCKS = YES;
				GCC_OPTIMIZATION_LEVEL = 0;
				GCC_PREPROCESSOR_DEFINITIONS = (
					"DEBUG=1",
					"$(inherited)",
				);
				GCC_WARN_64_TO_32_BIT_CONVERSION = YES;
				GCC_WARN_ABOUT_RETURN_TYPE = YES_ERROR;
				GCC_WARN_UNDECLARED_SELECTOR = YES;
				GCC_WARN_UNINITIALIZED_AUTOS = YES_AGGRESSIVE;
				GCC_WARN_UNUSED_FUNCTION = YES;
				GCC_WARN_UNUSED_VARIABLE = YES;
				IPHONEOS_DEPLOYMENT_TARGET = 16.1;
				MTL_ENABLE_DEBUG_INFO = INCLUDE_SOURCE;
				MTL_FAST_MATH = YES;
				ONLY_ACTIVE_ARCH = YES;
				SDKROOT = iphoneos;
				SWIFT_ACTIVE_COMPILATION_CONDITIONS = DEBUG;
				SWIFT_OPTIMIZATION_LEVEL = "-Onone";
			};
			name = Debug;
		};
		442B006C2A333E7E001D9F08 /* Release */ = {
			isa = XCBuildConfiguration;
			buildSettings = {
				ALWAYS_SEARCH_USER_PATHS = NO;
				CLANG_ANALYZER_NONNULL = YES;
				CLANG_ANALYZER_NUMBER_OBJECT_CONVERSION = YES_AGGRESSIVE;
				CLANG_CXX_LANGUAGE_STANDARD = "gnu++20";
				CLANG_ENABLE_MODULES = YES;
				CLANG_ENABLE_OBJC_ARC = YES;
				CLANG_ENABLE_OBJC_WEAK = YES;
				CLANG_WARN_BLOCK_CAPTURE_AUTORELEASING = YES;
				CLANG_WARN_BOOL_CONVERSION = YES;
				CLANG_WARN_COMMA = YES;
				CLANG_WARN_CONSTANT_CONVERSION = YES;
				CLANG_WARN_DEPRECATED_OBJC_IMPLEMENTATIONS = YES;
				CLANG_WARN_DIRECT_OBJC_ISA_USAGE = YES_ERROR;
				CLANG_WARN_DOCUMENTATION_COMMENTS = YES;
				CLANG_WARN_EMPTY_BODY = YES;
				CLANG_WARN_ENUM_CONVERSION = YES;
				CLANG_WARN_INFINITE_RECURSION = YES;
				CLANG_WARN_INT_CONVERSION = YES;
				CLANG_WARN_NON_LITERAL_NULL_CONVERSION = YES;
				CLANG_WARN_OBJC_IMPLICIT_RETAIN_SELF = YES;
				CLANG_WARN_OBJC_LITERAL_CONVERSION = YES;
				CLANG_WARN_OBJC_ROOT_CLASS = YES_ERROR;
				CLANG_WARN_QUOTED_INCLUDE_IN_FRAMEWORK_HEADER = YES;
				CLANG_WARN_RANGE_LOOP_ANALYSIS = YES;
				CLANG_WARN_STRICT_PROTOTYPES = YES;
				CLANG_WARN_SUSPICIOUS_MOVE = YES;
				CLANG_WARN_UNGUARDED_AVAILABILITY = YES_AGGRESSIVE;
				CLANG_WARN_UNREACHABLE_CODE = YES;
				CLANG_WARN__DUPLICATE_METHOD_MATCH = YES;
				COPY_PHASE_STRIP = NO;
				DEBUG_INFORMATION_FORMAT = "dwarf-with-dsym";
				ENABLE_NS_ASSERTIONS = NO;
				ENABLE_STRICT_OBJC_MSGSEND = YES;
				GCC_C_LANGUAGE_STANDARD = gnu11;
				GCC_NO_COMMON_BLOCKS = YES;
				GCC_WARN_64_TO_32_BIT_CONVERSION = YES;
				GCC_WARN_ABOUT_RETURN_TYPE = YES_ERROR;
				GCC_WARN_UNDECLARED_SELECTOR = YES;
				GCC_WARN_UNINITIALIZED_AUTOS = YES_AGGRESSIVE;
				GCC_WARN_UNUSED_FUNCTION = YES;
				GCC_WARN_UNUSED_VARIABLE = YES;
				IPHONEOS_DEPLOYMENT_TARGET = 16.1;
				MTL_ENABLE_DEBUG_INFO = NO;
				MTL_FAST_MATH = YES;
				SDKROOT = iphoneos;
				SWIFT_COMPILATION_MODE = wholemodule;
				SWIFT_OPTIMIZATION_LEVEL = "-O";
				VALIDATE_PRODUCT = YES;
			};
			name = Release;
		};
		442B006E2A333E7E001D9F08 /* Debug */ = {
			isa = XCBuildConfiguration;
			buildSettings = {
				ASSETCATALOG_COMPILER_APPICON_NAME = AppIcon;
				ASSETCATALOG_COMPILER_GLOBAL_ACCENT_COLOR_NAME = AccentColor;
				CODE_SIGN_STYLE = Automatic;
				CURRENT_PROJECT_VERSION = 1;
				DEVELOPMENT_ASSET_PATHS = "\"QuintoShopManager/Preview Content\"";
				DEVELOPMENT_TEAM = MMRD3ZF494;
				ENABLE_PREVIEWS = YES;
				GENERATE_INFOPLIST_FILE = YES;
				INFOPLIST_KEY_UIApplicationSceneManifest_Generation = YES;
				INFOPLIST_KEY_UIApplicationSupportsIndirectInputEvents = YES;
				INFOPLIST_KEY_UILaunchScreen_Generation = YES;
				INFOPLIST_KEY_UISupportedInterfaceOrientations_iPad = "UIInterfaceOrientationPortrait UIInterfaceOrientationPortraitUpsideDown UIInterfaceOrientationLandscapeLeft UIInterfaceOrientationLandscapeRight";
				INFOPLIST_KEY_UISupportedInterfaceOrientations_iPhone = "UIInterfaceOrientationPortrait UIInterfaceOrientationLandscapeLeft UIInterfaceOrientationLandscapeRight";
				LD_RUNPATH_SEARCH_PATHS = (
					"$(inherited)",
					"@executable_path/Frameworks",
				);
				MARKETING_VERSION = 1.0;
				PRODUCT_BUNDLE_IDENTIFIER = DR.QuintoShopManager;
				PRODUCT_NAME = "$(TARGET_NAME)";
				SUPPORTED_PLATFORMS = "iphoneos iphonesimulator";
				SUPPORTS_MACCATALYST = NO;
				SUPPORTS_MAC_DESIGNED_FOR_IPHONE_IPAD = NO;
				SWIFT_EMIT_LOC_STRINGS = YES;
				SWIFT_VERSION = 5.0;
				TARGETED_DEVICE_FAMILY = 1;
			};
			name = Debug;
		};
		442B006F2A333E7E001D9F08 /* Release */ = {
			isa = XCBuildConfiguration;
			buildSettings = {
				ASSETCATALOG_COMPILER_APPICON_NAME = AppIcon;
				ASSETCATALOG_COMPILER_GLOBAL_ACCENT_COLOR_NAME = AccentColor;
				CODE_SIGN_STYLE = Automatic;
				CURRENT_PROJECT_VERSION = 1;
				DEVELOPMENT_ASSET_PATHS = "\"QuintoShopManager/Preview Content\"";
				DEVELOPMENT_TEAM = MMRD3ZF494;
				ENABLE_PREVIEWS = YES;
				GENERATE_INFOPLIST_FILE = YES;
				INFOPLIST_KEY_UIApplicationSceneManifest_Generation = YES;
				INFOPLIST_KEY_UIApplicationSupportsIndirectInputEvents = YES;
				INFOPLIST_KEY_UILaunchScreen_Generation = YES;
				INFOPLIST_KEY_UISupportedInterfaceOrientations_iPad = "UIInterfaceOrientationPortrait UIInterfaceOrientationPortraitUpsideDown UIInterfaceOrientationLandscapeLeft UIInterfaceOrientationLandscapeRight";
				INFOPLIST_KEY_UISupportedInterfaceOrientations_iPhone = "UIInterfaceOrientationPortrait UIInterfaceOrientationLandscapeLeft UIInterfaceOrientationLandscapeRight";
				LD_RUNPATH_SEARCH_PATHS = (
					"$(inherited)",
					"@executable_path/Frameworks",
				);
				MARKETING_VERSION = 1.0;
				PRODUCT_BUNDLE_IDENTIFIER = DR.QuintoShopManager;
				PRODUCT_NAME = "$(TARGET_NAME)";
				SUPPORTED_PLATFORMS = "iphoneos iphonesimulator";
				SUPPORTS_MACCATALYST = NO;
				SUPPORTS_MAC_DESIGNED_FOR_IPHONE_IPAD = NO;
				SWIFT_EMIT_LOC_STRINGS = YES;
				SWIFT_VERSION = 5.0;
				TARGETED_DEVICE_FAMILY = 1;
			};
			name = Release;
		};
/* End XCBuildConfiguration section */

/* Begin XCConfigurationList section */
		442B005A2A333E7E001D9F08 /* Build configuration list for PBXProject "QuintoShopManager" */ = {
			isa = XCConfigurationList;
			buildConfigurations = (
				442B006B2A333E7E001D9F08 /* Debug */,
				442B006C2A333E7E001D9F08 /* Release */,
			);
			defaultConfigurationIsVisible = 0;
			defaultConfigurationName = Release;
		};
		442B006D2A333E7E001D9F08 /* Build configuration list for PBXNativeTarget "QuintoShopManager" */ = {
			isa = XCConfigurationList;
			buildConfigurations = (
				442B006E2A333E7E001D9F08 /* Debug */,
				442B006F2A333E7E001D9F08 /* Release */,
			);
			defaultConfigurationIsVisible = 0;
			defaultConfigurationName = Release;
		};
/* End XCConfigurationList section */

/* Begin XCRemoteSwiftPackageReference section */
		442B00702A3340B5001D9F08 /* XCRemoteSwiftPackageReference "firebase-ios-sdk" */ = {
			isa = XCRemoteSwiftPackageReference;
			repositoryURL = "https://github.com/firebase/firebase-ios-sdk";
			requirement = {
				kind = upToNextMajorVersion;
				minimumVersion = 9.0.0;
			};
		};
/* End XCRemoteSwiftPackageReference section */

/* Begin XCSwiftPackageProductDependency section */
		442B00712A3340B5001D9F08 /* FirebaseAuth */ = {
			isa = XCSwiftPackageProductDependency;
			package = 442B00702A3340B5001D9F08 /* XCRemoteSwiftPackageReference "firebase-ios-sdk" */;
			productName = FirebaseAuth;
		};
		442B00732A3340B5001D9F08 /* FirebaseFirestore */ = {
			isa = XCSwiftPackageProductDependency;
			package = 442B00702A3340B5001D9F08 /* XCRemoteSwiftPackageReference "firebase-ios-sdk" */;
			productName = FirebaseFirestore;
		};
		442B00752A3340B5001D9F08 /* FirebaseStorage */ = {
			isa = XCSwiftPackageProductDependency;
			package = 442B00702A3340B5001D9F08 /* XCRemoteSwiftPackageReference "firebase-ios-sdk" */;
			productName = FirebaseStorage;
		};
/* End XCSwiftPackageProductDependency section */
	};
	rootObject = 442B00572A333E7E001D9F08 /* Project object */;
}
